
Microsoft Visual Studio Solution File, Format Version 12.00
# Visual Studio Version 17
VisualStudioVersion = 17.5.002.0
MinimumVisualStudioVersion = 10.0.40219.1
Project("{9A19103F-16F7-4668-BE54-9A1E7A4F7556}") = "AzureFunctionBindingExample", "AzureFunctionBindingExample.csproj", "{BFB64167-8527-454B-BCF8-3937B4614B3E}"
EndProject
Global
	GlobalSection(SolutionConfigurationPlatforms) = preSolution
		Debug|Any CPU = Debug|Any CPU
		Release|Any CPU = Release|Any CPU
	EndGlobalSection
	GlobalSection(ProjectConfigurationPlatforms) = postSolution
		{BFB64167-8527-454B-BCF8-3937B4614B3E}.Debug|Any CPU.ActiveCfg = Debug|Any CPU
		{BFB64167-8527-454B-BCF8-3937B4614B3E}.Debug|Any CPU.Build.0 = Debug|Any CPU
		{BFB64167-8527-454B-BCF8-3937B4614B3E}.Release|Any CPU.ActiveCfg = Release|Any CPU
		{BFB64167-8527-454B-BCF8-3937B4614B3E}.Release|Any CPU.Build.0 = Release|Any CPU
	EndGlobalSection
	GlobalSection(SolutionProperties) = preSolution
		HideSolutionNode = FALSE
	EndGlobalSection
	GlobalSection(ExtensibilityGlobals) = postSolution
		SolutionGuid = {D557F3A3-911B-4973-BB4A-45CF84B39E9F}
	EndGlobalSection
EndGlobal
